{
  "requires": true,
  "lockfileVersion": 1,
  "dependencies": {
    "core-js": {
      "version": "3.12.1",
      "resolved": "https://registry.npmjs.org/core-js/-/core-js-3.12.1.tgz",
      "integrity": "sha512-Ne9DKPHTObRuB09Dru5AjwKjY4cJHVGu+y5f7coGn1E9Grkc3p2iBwE9AI/nJzsE29mQF7oq+mhYYRqOMFN1Bw=="
    },
    "vue": {
      "version": "2.6.12",
      "resolved": "https://registry.npmjs.org/vue/-/vue-2.6.12.tgz",
      "integrity": "sha512-uhmLFETqPPNyuLLbsKz6ioJ4q7AZHzD8ZVFNATNyICSZouqP2Sz0rotWQC8UNBF6VGSCs5abnKJoStA6JbCbfg=="
    },
    "vue-burger-menu": {
      "version": "2.0.5",
      "resolved": "https://registry.npmjs.org/vue-burger-menu/-/vue-burger-menu-2.0.5.tgz",
      "integrity": "sha512-j0zM3gOTNv5rtIfVGIc0F0Ff5iUGQk7vLRBRkHLC2Jsv+4WL8BFqSBii+VzfIlqIQed7v0zqWueJLYxe9YwjmQ==",
      "requires": {
        "vue": "^2.5.17"
      }
    },
    "vue-simple-drawer": {
      "version": "1.0.6",
      "resolved": "https://registry.npmjs.org/vue-simple-drawer/-/vue-simple-drawer-1.0.6.tgz",
      "integrity": "sha512-7qEQhYZfTuyjSpcBsghDy0IhE0Sav69EeFMKVzHlizJ4PBKVIo1P0cnYO31Fygmlik1ZgWsrAdwdO+8oZJ8ZvA==",
      "requires": {
        "core-js": "^3.4.3",
        "vue": "^2.6.10"
      }
    }
  }
}
